
Microsoft Visual Studio Solution File, Format Version 12.00
# Visual Studio Version 17
VisualStudioVersion = 17.5.002.0
MinimumVisualStudioVersion = 10.0.40219.1
Project("{9A19103F-16F7-4668-BE54-9A1E7A4F7556}") = "Calculate_and_Print_Student_Grades", "Calculate_and_Print_Student_Grades\Calculate_and_Print_Student_Grades.csproj", "{ACC0A019-0707-49B6-890A-A736877169BD}"
EndProject
Global
	GlobalSection(SolutionConfigurationPlatforms) = preSolution
		Debug|Any CPU = Debug|Any CPU
		Release|Any CPU = Release|Any CPU
	EndGlobalSection
	GlobalSection(ProjectConfigurationPlatforms) = postSolution
		{ACC0A019-0707-49B6-890A-A736877169BD}.Debug|Any CPU.ActiveCfg = Debug|Any CPU
		{ACC0A019-0707-49B6-890A-A736877169BD}.Debug|Any CPU.Build.0 = Debug|Any CPU
		{ACC0A019-0707-49B6-890A-A736877169BD}.Release|Any CPU.ActiveCfg = Release|Any CPU
		{ACC0A019-0707-49B6-890A-A736877169BD}.Release|Any CPU.Build.0 = Release|Any CPU
	EndGlobalSection
	GlobalSection(SolutionProperties) = preSolution
		HideSolutionNode = FALSE
	EndGlobalSection
	GlobalSection(ExtensibilityGlobals) = postSolution
		SolutionGuid = {FDF2E5DA-0B56-44F0-925F-DBE5E20B23B9}
	EndGlobalSection
EndGlobal
